
Microsoft Visual Studio Solution File, Format Version 12.00
# Visual Studio 15
VisualStudioVersion = 15.0.27130.2036
MinimumVisualStudioVersion = 10.0.40219.1
Project("{E24C65DC-7377-472B-9ABA-BC803B73C61A}") = "WebSiteTest", "WebSiteTest\", "{7AEB1F48-5A3E-4B96-A2BE-FA15DFA050C8}"
	ProjectSection(WebsiteProperties) = preProject
		TargetFrameworkMoniker = ".NETFramework,Version%3Dv4.6.1"
		Debug.AspNetCompiler.VirtualPath = "/localhost_57571"
		Debug.AspNetCompiler.PhysicalPath = "WebSiteTest\"
		Debug.AspNetCompiler.TargetPath = "PrecompiledWeb\localhost_57571\"
		Debug.AspNetCompiler.Updateable = "true"
		Debug.AspNetCompiler.ForceOverwrite = "true"
		Debug.AspNetCompiler.FixedNames = "false"
		Debug.AspNetCompiler.Debug = "True"
		Release.AspNetCompiler.VirtualPath = "/localhost_57571"
		Release.AspNetCompiler.PhysicalPath = "WebSiteTest\"
		Release.AspNetCompiler.TargetPath = "PrecompiledWeb\localhost_57571\"
		Release.AspNetCompiler.Updateable = "true"
		Release.AspNetCompiler.ForceOverwrite = "true"
		Release.AspNetCompiler.FixedNames = "false"
		Release.AspNetCompiler.Debug = "False"
		VWDPort = "57571"
		SlnRelativePath = "WebSiteTest\"
		DefaultWebSiteLanguage = "Visual C#"
	EndProjectSection
EndProject
Global
	GlobalSection(SolutionConfigurationPlatforms) = preSolution
		Debug|Any CPU = Debug|Any CPU
	EndGlobalSection
	GlobalSection(ProjectConfigurationPlatforms) = postSolution
		{7AEB1F48-5A3E-4B96-A2BE-FA15DFA050C8}.Debug|Any CPU.ActiveCfg = Debug|Any CPU
		{7AEB1F48-5A3E-4B96-A2BE-FA15DFA050C8}.Debug|Any CPU.Build.0 = Debug|Any CPU
	EndGlobalSection
	GlobalSection(SolutionProperties) = preSolution
		HideSolutionNode = FALSE
	EndGlobalSection
	GlobalSection(ExtensibilityGlobals) = postSolution
		SolutionGuid = {84D60590-8F9C-4273-BE8E-8A3F33582FD9}
	EndGlobalSection
EndGlobal
